{
  "name": "POC_Metricas",
  "lockfileVersion": 2,
  "requires": true,
  "packages": {
    "": {
      "dependencies": {
        "aws-embedded-metrics": "^2.0.5",
        "serverless-plugin-cloudwatch": "^0.1.12",
        "serverless-plugin-cloudwatch-dashboard": "^1.2.0"
      }
    },
    "node_modules/aws-embedded-metrics": {
      "version": "2.0.5",
      "resolved": "https://registry.npmjs.org/aws-embedded-metrics/-/aws-embedded-metrics-2.0.5.tgz",
      "integrity": "sha512-MRD/4bHto8eij5HTd5sMA1rMh6iwtVZuhoq8pPJm2GHZG6t9tSp4UigLldpnHTjO3fguzyp2JS6/5Mk3ROxOdg==",
      "engines": {
        "node": ">=10.0.0"
      }
    },
    "node_modules/serverless-plugin-cloudwatch": {
      "version": "0.1.12",
      "resolved": "https://registry.npmjs.org/serverless-plugin-cloudwatch/-/serverless-plugin-cloudwatch-0.1.12.tgz",
      "integrity": "sha512-2dtWhnjjKZt1gWMrulnDjSdwMDE5KDlspD+xOuRVkNieFzVVG25u8hCjCCT20xeBOiqgZCNBVlbzmTgdQB6toA=="
    },
    "node_modules/serverless-plugin-cloudwatch-dashboard": {
      "version": "1.2.0",
      "resolved": "https://registry.npmjs.org/serverless-plugin-cloudwatch-dashboard/-/serverless-plugin-cloudwatch-dashboard-1.2.0.tgz",
      "integrity": "sha512-Q3VLVBa3HTCTnRVnRF+lkCEzwXABN4k2oIglFJ2XEffW/BtVvBScnGP1Q7RbMvTXfCkiEVAzzuNjSC0fqdPoJQ=="
    }
  },
  "dependencies": {
    "aws-embedded-metrics": {
      "version": "2.0.5",
      "resolved": "https://registry.npmjs.org/aws-embedded-metrics/-/aws-embedded-metrics-2.0.5.tgz",
      "integrity": "sha512-MRD/4bHto8eij5HTd5sMA1rMh6iwtVZuhoq8pPJm2GHZG6t9tSp4UigLldpnHTjO3fguzyp2JS6/5Mk3ROxOdg=="
    },
    "serverless-plugin-cloudwatch": {
      "version": "0.1.12",
      "resolved": "https://registry.npmjs.org/serverless-plugin-cloudwatch/-/serverless-plugin-cloudwatch-0.1.12.tgz",
      "integrity": "sha512-2dtWhnjjKZt1gWMrulnDjSdwMDE5KDlspD+xOuRVkNieFzVVG25u8hCjCCT20xeBOiqgZCNBVlbzmTgdQB6toA=="
    },
    "serverless-plugin-cloudwatch-dashboard": {
      "version": "1.2.0",
      "resolved": "https://registry.npmjs.org/serverless-plugin-cloudwatch-dashboard/-/serverless-plugin-cloudwatch-dashboard-1.2.0.tgz",
      "integrity": "sha512-Q3VLVBa3HTCTnRVnRF+lkCEzwXABN4k2oIglFJ2XEffW/BtVvBScnGP1Q7RbMvTXfCkiEVAzzuNjSC0fqdPoJQ=="
    }
  }
}
